
Microsoft Visual Studio Solution File, Format Version 12.00
# Visual Studio Version 16
VisualStudioVersion = 16.0.28803.202
MinimumVisualStudioVersion = 10.0.40219.1
Project("{FAE04EC0-301F-11D3-BF4B-00C04F79EFBC}") = "Spotics", "Spotics\Spotics.csproj", "{5CD88DB8-F657-4C5F-BC6A-059B519E7B26}"
EndProject
Project("{54435603-DBB4-11D2-8724-00A0C9A8B90C}") = "Setup", "Setup\Setup.vdproj", "{0609310F-0CF2-4F72-9240-B09BBFA43E2F}"
EndProject
Global
	GlobalSection(SolutionConfigurationPlatforms) = preSolution
		Debug|Any CPU = Debug|Any CPU
		Debug|x86 = Debug|x86
		Release|Any CPU = Release|Any CPU
		Release|x86 = Release|x86
	EndGlobalSection
	GlobalSection(ProjectConfigurationPlatforms) = postSolution
		{5CD88DB8-F657-4C5F-BC6A-059B519E7B26}.Debug|Any CPU.ActiveCfg = Debug|Any CPU
		{5CD88DB8-F657-4C5F-BC6A-059B519E7B26}.Debug|Any CPU.Build.0 = Debug|Any CPU
		{5CD88DB8-F657-4C5F-BC6A-059B519E7B26}.Debug|x86.ActiveCfg = Debug|x86
		{5CD88DB8-F657-4C5F-BC6A-059B519E7B26}.Debug|x86.Build.0 = Debug|x86
		{5CD88DB8-F657-4C5F-BC6A-059B519E7B26}.Release|Any CPU.ActiveCfg = Release|Any CPU
		{5CD88DB8-F657-4C5F-BC6A-059B519E7B26}.Release|Any CPU.Build.0 = Release|Any CPU
		{5CD88DB8-F657-4C5F-BC6A-059B519E7B26}.Release|x86.ActiveCfg = Release|x86
		{5CD88DB8-F657-4C5F-BC6A-059B519E7B26}.Release|x86.Build.0 = Release|x86
		{0609310F-0CF2-4F72-9240-B09BBFA43E2F}.Debug|Any CPU.ActiveCfg = Debug
		{0609310F-0CF2-4F72-9240-B09BBFA43E2F}.Debug|x86.ActiveCfg = Debug
		{0609310F-0CF2-4F72-9240-B09BBFA43E2F}.Debug|x86.Build.0 = Debug
		{0609310F-0CF2-4F72-9240-B09BBFA43E2F}.Release|Any CPU.ActiveCfg = Release
		{0609310F-0CF2-4F72-9240-B09BBFA43E2F}.Release|x86.ActiveCfg = Release
		{0609310F-0CF2-4F72-9240-B09BBFA43E2F}.Release|x86.Build.0 = Release
	EndGlobalSection
	GlobalSection(SolutionProperties) = preSolution
		HideSolutionNode = FALSE
	EndGlobalSection
	GlobalSection(ExtensibilityGlobals) = postSolution
		SolutionGuid = {5CEAEC97-DE85-4C5B-BF47-3B01BAD48699}
	EndGlobalSection
EndGlobal
